Microsoft Visual Studio Solution File, Format Version 11.00
# Visual Studio 2008

Project("{5F5AC095-3798-A3EF-AED7-7BAD54F463B9}") = "AardvarkUnityProject", "Assembly-CSharp.csproj", "{B89D0682-C5D8-8859-0F4A-513B78C1061E}"
EndProject
Global
	GlobalSection(SolutionConfigurationPlatforms) = preSolution
		Debug|Any CPU = Debug|Any CPU
		Release|Any CPU = Release|Any CPU
	EndGlobalSection
	GlobalSection(ProjectConfigurationPlatforms) = postSolution
		{B89D0682-C5D8-8859-0F4A-513B78C1061E}.Debug|Any CPU.ActiveCfg = Debug|Any CPU
		{B89D0682-C5D8-8859-0F4A-513B78C1061E}.Debug|Any CPU.Build.0 = Debug|Any CPU
		{B89D0682-C5D8-8859-0F4A-513B78C1061E}.Release|Any CPU.ActiveCfg = Release|Any CPU
		{B89D0682-C5D8-8859-0F4A-513B78C1061E}.Release|Any CPU.Build.0 = Release|Any CPU
	EndGlobalSection
	GlobalSection(SolutionProperties) = preSolution
		HideSolutionNode = FALSE
	EndGlobalSection
	GlobalSection(MonoDevelopProperties) = preSolution
		StartupItem = Assembly-CSharp.csproj
	EndGlobalSection
EndGlobal
