
Microsoft Visual Studio Solution File, Format Version 12.00
# Visual Studio 2015
Project("{FAE04EC0-301F-11D3-BF4B-00C04F79EFBC}") = "UnityVS.AardvarkUnityProject.CSharp", "UnityVS.AardvarkUnityProject.CSharp.csproj", "{C1DE5337-C413-51BA-0F70-1722E9736CAC}"
EndProject
Global
	GlobalSection(SolutionConfigurationPlatforms) = preSolution
		Debug|Any CPU = Debug|Any CPU
		Release|Any CPU = Release|Any CPU
	EndGlobalSection
	GlobalSection(ProjectConfigurationPlatforms) = postSolution
		{C1DE5337-C413-51BA-0F70-1722E9736CAC}.Debug|Any CPU.ActiveCfg = Debug|Any CPU
		{C1DE5337-C413-51BA-0F70-1722E9736CAC}.Debug|Any CPU.Build.0 = Debug|Any CPU
		{C1DE5337-C413-51BA-0F70-1722E9736CAC}.Release|Any CPU.ActiveCfg = Release|Any CPU
		{C1DE5337-C413-51BA-0F70-1722E9736CAC}.Release|Any CPU.Build.0 = Release|Any CPU
	EndGlobalSection
	GlobalSection(SolutionProperties) = preSolution
		HideSolutionNode = FALSE
	EndGlobalSection
EndGlobal
